// !$*UTF8*$!
{
	archiveVersion = 1;
	classes = {
	};
	objectVersion = 51;
	objects = {

/* Begin PBXBuildFile section */
		2657FADD25E0750000637737 /* AppDelegate.swift in Sources */ = {isa = PBXBuildFile; fileRef = 2657FADC25E0750000637737 /* AppDelegate.swift */; };
		2657FADF25E0750000637737 /* SceneDelegate.swift in Sources */ = {isa = PBXBuildFile; fileRef = 2657FADE25E0750000637737 /* SceneDelegate.swift */; };
		2657FAE125E0750000637737 /* ContentView.swift in Sources */ = {isa = PBXBuildFile; fileRef = 2657FAE025E0750000637737 /* ContentView.swift */; };
		2657FAE325E0750200637737 /* Assets.xcassets in Resources */ = {isa = PBXBuildFile; fileRef = 2657FAE225E0750200637737 /* Assets.xcassets */; };
		2657FAE625E0750200637737 /* Preview Assets.xcassets in Resources */ = {isa = PBXBuildFile; fileRef = 2657FAE525E0750200637737 /* Preview Assets.xcassets */; };
		2657FAE925E0750200637737 /* LaunchScreen.storyboard in Resources */ = {isa = PBXBuildFile; fileRef = 2657FAE725E0750200637737 /* LaunchScreen.storyboard */; };
		2657FAF425E0797300637737 /* MapView.swift in Sources */ = {isa = PBXBuildFile; fileRef = 2657FAF325E0797300637737 /* MapView.swift */; };
		2657FAF825E080AE00637737 /* ExerciseView.swift in Sources */ = {isa = PBXBuildFile; fileRef = 2657FAF725E080AE00637737 /* ExerciseView.swift */; };
		2657FAFB25E081D900637737 /* ProfileView.swift in Sources */ = {isa = PBXBuildFile; fileRef = 2657FAFA25E081D900637737 /* ProfileView.swift */; };
		2657FAFE25E0827200637737 /* SettingsView.swift in Sources */ = {isa = PBXBuildFile; fileRef = 2657FAFD25E0827200637737 /* SettingsView.swift */; };
		2657FB0125E09CAC00637737 /* TabBarView.swift in Sources */ = {isa = PBXBuildFile; fileRef = 2657FB0025E09CAC00637737 /* TabBarView.swift */; };
		267CB4DE25E1B5DF00F3239F /* GymListView.swift in Sources */ = {isa = PBXBuildFile; fileRef = 267CB4DD25E1B5DF00F3239F /* GymListView.swift */; };
		2692598B25E12E11009E553E /* GymLocationManager.swift in Sources */ = {isa = PBXBuildFile; fileRef = 2692598A25E12E11009E553E /* GymLocationManager.swift */; };
		2692598E25E12F89009E553E /* GymLocationData.swift in Sources */ = {isa = PBXBuildFile; fileRef = 2692598D25E12F89009E553E /* GymLocationData.swift */; };
		402F0D0EDAD5126B597BF782 /* Pods_onecoachfitness.framework in Frameworks */ = {isa = PBXBuildFile; fileRef = FA5C94AF65F6E099F55CC204 /* Pods_onecoachfitness.framework */; };
/* End PBXBuildFile section */

/* Begin PBXFileReference section */
		2657FAD925E0750000637737 /* onecoachfitness.app */ = {isa = PBXFileReference; explicitFileType = wrapper.application; includeInIndex = 0; path = onecoachfitness.app; sourceTree = BUILT_PRODUCTS_DIR; };
		2657FADC25E0750000637737 /* AppDelegate.swift */ = {isa = PBXFileReference; lastKnownFileType = sourcecode.swift; path = AppDelegate.swift; sourceTree = "<group>"; };
		2657FADE25E0750000637737 /* SceneDelegate.swift */ = {isa = PBXFileReference; lastKnownFileType = sourcecode.swift; path = SceneDelegate.swift; sourceTree = "<group>"; };
		2657FAE025E0750000637737 /* ContentView.swift */ = {isa = PBXFileReference; lastKnownFileType = sourcecode.swift; path = ContentView.swift; sourceTree = "<group>"; };
		2657FAE225E0750200637737 /* Assets.xcassets */ = {isa = PBXFileReference; lastKnownFileType = folder.assetcatalog; path = Assets.xcassets; sourceTree = "<group>"; };
		2657FAE525E0750200637737 /* Preview Assets.xcassets */ = {isa = PBXFileReference; lastKnownFileType = folder.assetcatalog; path = "Preview Assets.xcassets"; sourceTree = "<group>"; };
		2657FAE825E0750200637737 /* Base */ = {isa = PBXFileReference; lastKnownFileType = file.storyboard; name = Base; path = Base.lproj/LaunchScreen.storyboard; sourceTree = "<group>"; };
		2657FAEA25E0750200637737 /* Info.plist */ = {isa = PBXFileReference; lastKnownFileType = text.plist.xml; path = Info.plist; sourceTree = "<group>"; };
		2657FAF325E0797300637737 /* MapView.swift */ = {isa = PBXFileReference; lastKnownFileType = sourcecode.swift; path = MapView.swift; sourceTree = "<group>"; };
		2657FAF725E080AE00637737 /* ExerciseView.swift */ = {isa = PBXFileReference; lastKnownFileType = sourcecode.swift; path = ExerciseView.swift; sourceTree = "<group>"; };
		2657FAFA25E081D900637737 /* ProfileView.swift */ = {isa = PBXFileReference; lastKnownFileType = sourcecode.swift; path = ProfileView.swift; sourceTree = "<group>"; };
		2657FAFD25E0827200637737 /* SettingsView.swift */ = {isa = PBXFileReference; lastKnownFileType = sourcecode.swift; path = SettingsView.swift; sourceTree = "<group>"; };
		2657FB0025E09CAC00637737 /* TabBarView.swift */ = {isa = PBXFileReference; lastKnownFileType = sourcecode.swift; path = TabBarView.swift; sourceTree = "<group>"; };
		267CB4DD25E1B5DF00F3239F /* GymListView.swift */ = {isa = PBXFileReference; lastKnownFileType = sourcecode.swift; path = GymListView.swift; sourceTree = "<group>"; };
		2692598A25E12E11009E553E /* GymLocationManager.swift */ = {isa = PBXFileReference; lastKnownFileType = sourcecode.swift; path = GymLocationManager.swift; sourceTree = "<group>"; };
		2692598D25E12F89009E553E /* GymLocationData.swift */ = {isa = PBXFileReference; lastKnownFileType = sourcecode.swift; path = GymLocationData.swift; sourceTree = "<group>"; };
		B83C9F16E4FFA50DF9F56A8A /* Pods-onecoachfitness.release.xcconfig */ = {isa = PBXFileReference; includeInIndex = 1; lastKnownFileType = text.xcconfig; name = "Pods-onecoachfitness.release.xcconfig"; path = "Target Support Files/Pods-onecoachfitness/Pods-onecoachfitness.release.xcconfig"; sourceTree = "<group>"; };
		F4E1EA38A933391F115AB16C /* Pods-onecoachfitness.debug.xcconfig */ = {isa = PBXFileReference; includeInIndex = 1; lastKnownFileType = text.xcconfig; name = "Pods-onecoachfitness.debug.xcconfig"; path = "Target Support Files/Pods-onecoachfitness/Pods-onecoachfitness.debug.xcconfig"; sourceTree = "<group>"; };
		FA5C94AF65F6E099F55CC204 /* Pods_onecoachfitness.framework */ = {isa = PBXFileReference; explicitFileType = wrapper.framework; includeInIndex = 0; path = Pods_onecoachfitness.framework; sourceTree = BUILT_PRODUCTS_DIR; };
/* End PBXFileReference section */

/* Begin PBXFrameworksBuildPhase section */
		2657FAD625E0750000637737 /* Frameworks */ = {
			isa = PBXFrameworksBuildPhase;
			buildActionMask = 2147483647;
			files = (
				402F0D0EDAD5126B597BF782 /* Pods_onecoachfitness.framework in Frameworks */,
			);
			runOnlyForDeploymentPostprocessing = 0;
		};
/* End PBXFrameworksBuildPhase section */

/* Begin PBXGroup section */
		2657FAD025E0750000637737 = {
			isa = PBXGroup;
			children = (
				2657FADB25E0750000637737 /* onecoachfitness */,
				2657FADA25E0750000637737 /* Products */,
				6C18EF263387EE762D6E8B8C /* Pods */,
				D31A8F289BF8953AB459EF2F /* Frameworks */,
			);
			sourceTree = "<group>";
		};
		2657FADA25E0750000637737 /* Products */ = {
			isa = PBXGroup;
			children = (
				2657FAD925E0750000637737 /* onecoachfitness.app */,
			);
			name = Products;
			sourceTree = "<group>";
		};
		2657FADB25E0750000637737 /* onecoachfitness */ = {
			isa = PBXGroup;
			children = (
				2657FADC25E0750000637737 /* AppDelegate.swift */,
				2657FADE25E0750000637737 /* SceneDelegate.swift */,
				2657FAF225E0793F00637737 /* Model */,
				2657FAF125E0793100637737 /* View */,
				2657FAE225E0750200637737 /* Assets.xcassets */,
				2657FAE725E0750200637737 /* LaunchScreen.storyboard */,
				2657FAEA25E0750200637737 /* Info.plist */,
				2657FAE425E0750200637737 /* Preview Content */,
			);
			path = onecoachfitness;
			sourceTree = "<group>";
		};
		2657FAE425E0750200637737 /* Preview Content */ = {
			isa = PBXGroup;
			children = (
				2657FAE525E0750200637737 /* Preview Assets.xcassets */,
			);
			path = "Preview Content";
			sourceTree = "<group>";
		};
		2657FAF125E0793100637737 /* View */ = {
			isa = PBXGroup;
			children = (
				2657FAE025E0750000637737 /* ContentView.swift */,
				2657FB0025E09CAC00637737 /* TabBarView.swift */,
				2657FAF325E0797300637737 /* MapView.swift */,
				2657FAF725E080AE00637737 /* ExerciseView.swift */,
				2657FAFA25E081D900637737 /* ProfileView.swift */,
				2657FAFD25E0827200637737 /* SettingsView.swift */,
				267CB4DD25E1B5DF00F3239F /* GymListView.swift */,
			);
			path = View;
			sourceTree = "<group>";
		};
		2657FAF225E0793F00637737 /* Model */ = {
			isa = PBXGroup;
			children = (
				2692598A25E12E11009E553E /* GymLocationManager.swift */,
				2692598D25E12F89009E553E /* GymLocationData.swift */,
			);
			path = Model;
			sourceTree = "<group>";
		};
		6C18EF263387EE762D6E8B8C /* Pods */ = {
			isa = PBXGroup;
			children = (
				F4E1EA38A933391F115AB16C /* Pods-onecoachfitness.debug.xcconfig */,
				B83C9F16E4FFA50DF9F56A8A /* Pods-onecoachfitness.release.xcconfig */,
			);
			path = Pods;
			sourceTree = "<group>";
		};
		D31A8F289BF8953AB459EF2F /* Frameworks */ = {
			isa = PBXGroup;
			children = (
				FA5C94AF65F6E099F55CC204 /* Pods_onecoachfitness.framework */,
			);
			name = Frameworks;
			sourceTree = "<group>";
		};
/* End PBXGroup section */

/* Begin PBXNativeTarget section */
		2657FAD825E0750000637737 /* onecoachfitness */ = {
			isa = PBXNativeTarget;
			buildConfigurationList = 2657FAED25E0750200637737 /* Build configuration list for PBXNativeTarget "onecoachfitness" */;
			buildPhases = (
				319AF8AB7A42B5F9DB1FF2CF /* [CP] Check Pods Manifest.lock */,
				2657FAD525E0750000637737 /* Sources */,
				2657FAD625E0750000637737 /* Frameworks */,
				2657FAD725E0750000637737 /* Resources */,
				046661A4BD5A9DF3D572215F /* [CP] Copy Pods Resources */,
			);
			buildRules = (
			);
			dependencies = (
			);
			name = onecoachfitness;
			productName = onecoachfitness;
			productReference = 2657FAD925E0750000637737 /* onecoachfitness.app */;
			productType = "com.apple.product-type.application";
		};
/* End PBXNativeTarget section */

/* Begin PBXProject section */
		2657FAD125E0750000637737 /* Project object */ = {
			isa = PBXProject;
			attributes = {
				LastSwiftUpdateCheck = 1240;
				LastUpgradeCheck = 1240;
				TargetAttributes = {
					2657FAD825E0750000637737 = {
						CreatedOnToolsVersion = 12.4;
					};
				};
			};
			buildConfigurationList = 2657FAD425E0750000637737 /* Build configuration list for PBXProject "onecoachfitness" */;
			compatibilityVersion = "Xcode 9.3";
			developmentRegion = en;
			hasScannedForEncodings = 0;
			knownRegions = (
				en,
				Base,
			);
			mainGroup = 2657FAD025E0750000637737;
			productRefGroup = 2657FADA25E0750000637737 /* Products */;
			projectDirPath = "";
			projectRoot = "";
			targets = (
				2657FAD825E0750000637737 /* onecoachfitness */,
			);
		};
/* End PBXProject section */

/* Begin PBXResourcesBuildPhase section */
		2657FAD725E0750000637737 /* Resources */ = {
			isa = PBXResourcesBuildPhase;
			buildActionMask = 2147483647;
			files = (
				2657FAE925E0750200637737 /* LaunchScreen.storyboard in Resources */,
				2657FAE625E0750200637737 /* Preview Assets.xcassets in Resources */,
				2657FAE325E0750200637737 /* Assets.xcassets in Resources */,
			);
			runOnlyForDeploymentPostprocessing = 0;
		};
/* End PBXResourcesBuildPhase section */

/* Begin PBXShellScriptBuildPhase section */
		046661A4BD5A9DF3D572215F /* [CP] Copy Pods Resources */ = {
			isa = PBXShellScriptBuildPhase;
			buildActionMask = 2147483647;
			files = (
			);
			inputFileListPaths = (
				"${PODS_ROOT}/Target Support Files/Pods-onecoachfitness/Pods-onecoachfitness-resources-${CONFIGURATION}-input-files.xcfilelist",
			);
			name = "[CP] Copy Pods Resources";
			outputFileListPaths = (
				"${PODS_ROOT}/Target Support Files/Pods-onecoachfitness/Pods-onecoachfitness-resources-${CONFIGURATION}-output-files.xcfilelist",
			);
			runOnlyForDeploymentPostprocessing = 0;
			shellPath = /bin/sh;
			shellScript = "\"${PODS_ROOT}/Target Support Files/Pods-onecoachfitness/Pods-onecoachfitness-resources.sh\"\n";
			showEnvVarsInLog = 0;
		};
		319AF8AB7A42B5F9DB1FF2CF /* [CP] Check Pods Manifest.lock */ = {
			isa = PBXShellScriptBuildPhase;
			buildActionMask = 2147483647;
			files = (
			);
			inputFileListPaths = (
			);
			inputPaths = (
				"${PODS_PODFILE_DIR_PATH}/Podfile.lock",
				"${PODS_ROOT}/Manifest.lock",
			);
			name = "[CP] Check Pods Manifest.lock";
			outputFileListPaths = (
			);
			outputPaths = (
				"$(DERIVED_FILE_DIR)/Pods-onecoachfitness-checkManifestLockResult.txt",
			);
			runOnlyForDeploymentPostprocessing = 0;
			shellPath = /bin/sh;
			shellScript = "diff \"${PODS_PODFILE_DIR_PATH}/Podfile.lock\" \"${PODS_ROOT}/Manifest.lock\" > /dev/null\nif [ $? != 0 ] ; then\n    # print error to STDERR\n    echo \"error: The sandbox is not in sync with the Podfile.lock. Run 'pod install' or update your CocoaPods installation.\" >&2\n    exit 1\nfi\n# This output is used by Xcode 'outputs' to avoid re-running this script phase.\necho \"SUCCESS\" > \"${SCRIPT_OUTPUT_FILE_0}\"\n";
			showEnvVarsInLog = 0;
		};
/* End PBXShellScriptBuildPhase section */

/* Begin PBXSourcesBuildPhase section */
		2657FAD525E0750000637737 /* Sources */ = {
			isa = PBXSourcesBuildPhase;
			buildActionMask = 2147483647;
			files = (
				267CB4DE25E1B5DF00F3239F /* GymListView.swift in Sources */,
				2692598E25E12F89009E553E /* GymLocationData.swift in Sources */,
				2657FAFE25E0827200637737 /* SettingsView.swift in Sources */,
				2657FADD25E0750000637737 /* AppDelegate.swift in Sources */,
				2657FB0125E09CAC00637737 /* TabBarView.swift in Sources */,
				2657FAF425E0797300637737 /* MapView.swift in Sources */,
				2657FADF25E0750000637737 /* SceneDelegate.swift in Sources */,
				2657FAE125E0750000637737 /* ContentView.swift in Sources */,
				2692598B25E12E11009E553E /* GymLocationManager.swift in Sources */,
				2657FAFB25E081D900637737 /* ProfileView.swift in Sources */,
				2657FAF825E080AE00637737 /* ExerciseView.swift in Sources */,
			);
			runOnlyForDeploymentPostprocessing = 0;
		};
/* End PBXSourcesBuildPhase section */

/* Begin PBXVariantGroup section */
		2657FAE725E0750200637737 /* LaunchScreen.storyboard */ = {
			isa = PBXVariantGroup;
			children = (
				2657FAE825E0750200637737 /* Base */,
			);
			name = LaunchScreen.storyboard;
			sourceTree = "<group>";
		};
/* End PBXVariantGroup section */

/* Begin XCBuildConfiguration section */
		2657FAEB25E0750200637737 /* Debug */ = {
			isa = XCBuildConfiguration;
			buildSettings = {
				ALWAYS_SEARCH_USER_PATHS = NO;
				CLANG_ANALYZER_NONNULL = YES;
				CLANG_ANALYZER_NUMBER_OBJECT_CONVERSION = YES_AGGRESSIVE;
				CLANG_CXX_LANGUAGE_STANDARD = "gnu++14";
				CLANG_CXX_LIBRARY = "libc++";
				CLANG_ENABLE_MODULES = YES;
				CLANG_ENABLE_OBJC_ARC = YES;
				CLANG_ENABLE_OBJC_WEAK = YES;
				CLANG_WARN_BLOCK_CAPTURE_AUTORELEASING = YES;
				CLANG_WARN_BOOL_CONVERSION = YES;
				CLANG_WARN_COMMA = YES;
				CLANG_WARN_CONSTANT_CONVERSION = YES;
				CLANG_WARN_DEPRECATED_OBJC_IMPLEMENTATIONS = YES;
				CLANG_WARN_DIRECT_OBJC_ISA_USAGE = YES_ERROR;
				CLANG_WARN_DOCUMENTATION_COMMENTS = YES;
				CLANG_WARN_EMPTY_BODY = YES;
				CLANG_WARN_ENUM_CONVERSION = YES;
				CLANG_WARN_INFINITE_RECURSION = YES;
				CLANG_WARN_INT_CONVERSION = YES;
				CLANG_WARN_NON_LITERAL_NULL_CONVERSION = YES;
				CLANG_WARN_OBJC_IMPLICIT_RETAIN_SELF = YES;
				CLANG_WARN_OBJC_LITERAL_CONVERSION = YES;
				CLANG_WARN_OBJC_ROOT_CLASS = YES_ERROR;
				CLANG_WARN_QUOTED_INCLUDE_IN_FRAMEWORK_HEADER = YES;
				CLANG_WARN_RANGE_LOOP_ANALYSIS = YES;
				CLANG_WARN_STRICT_PROTOTYPES = YES;
				CLANG_WARN_SUSPICIOUS_MOVE = YES;
				CLANG_WARN_UNGUARDED_AVAILABILITY = YES_AGGRESSIVE;
				CLANG_WARN_UNREACHABLE_CODE = YES;
				CLANG_WARN__DUPLICATE_METHOD_MATCH = YES;
				COPY_PHASE_STRIP = NO;
				DEBUG_INFORMATION_FORMAT = dwarf;
				ENABLE_STRICT_OBJC_MSGSEND = YES;
				ENABLE_TESTABILITY = YES;
				GCC_C_LANGUAGE_STANDARD = gnu11;
				GCC_DYNAMIC_NO_PIC = NO;
				GCC_NO_COMMON_BLOCKS = YES;
				GCC_OPTIMIZATION_LEVEL = 0;
				GCC_PREPROCESSOR_DEFINITIONS = (
					"DEBUG=1",
					"$(inherited)",
				);
				GCC_WARN_64_TO_32_BIT_CONVERSION = YES;
				GCC_WARN_ABOUT_RETURN_TYPE = YES_ERROR;
				GCC_WARN_UNDECLARED_SELECTOR = YES;
				GCC_WARN_UNINITIALIZED_AUTOS = YES_AGGRESSIVE;
				GCC_WARN_UNUSED_FUNCTION = YES;
				GCC_WARN_UNUSED_VARIABLE = YES;
				IPHONEOS_DEPLOYMENT_TARGET = 14.4;
				MTL_ENABLE_DEBUG_INFO = INCLUDE_SOURCE;
				MTL_FAST_MATH = YES;
				ONLY_ACTIVE_ARCH = YES;
				SDKROOT = iphoneos;
				SWIFT_ACTIVE_COMPILATION_CONDITIONS = DEBUG;
				SWIFT_OPTIMIZATION_LEVEL = "-Onone";
			};
			name = Debug;
		};
		2657FAEC25E0750200637737 /* Release */ = {
			isa = XCBuildConfiguration;
			buildSettings = {
				ALWAYS_SEARCH_USER_PATHS = NO;
				CLANG_ANALYZER_NONNULL = YES;
				CLANG_ANALYZER_NUMBER_OBJECT_CONVERSION = YES_AGGRESSIVE;
				CLANG_CXX_LANGUAGE_STANDARD = "gnu++14";
				CLANG_CXX_LIBRARY = "libc++";
				CLANG_ENABLE_MODULES = YES;
				CLANG_ENABLE_OBJC_ARC = YES;
				CLANG_ENABLE_OBJC_WEAK = YES;
				CLANG_WARN_BLOCK_CAPTURE_AUTORELEASING = YES;
				CLANG_WARN_BOOL_CONVERSION = YES;
				CLANG_WARN_COMMA = YES;
				CLANG_WARN_CONSTANT_CONVERSION = YES;
				CLANG_WARN_DEPRECATED_OBJC_IMPLEMENTATIONS = YES;
				CLANG_WARN_DIRECT_OBJC_ISA_USAGE = YES_ERROR;
				CLANG_WARN_DOCUMENTATION_COMMENTS = YES;
				CLANG_WARN_EMPTY_BODY = YES;
				CLANG_WARN_ENUM_CONVERSION = YES;
				CLANG_WARN_INFINITE_RECURSION = YES;
				CLANG_WARN_INT_CONVERSION = YES;
				CLANG_WARN_NON_LITERAL_NULL_CONVERSION = YES;
				CLANG_WARN_OBJC_IMPLICIT_RETAIN_SELF = YES;
				CLANG_WARN_OBJC_LITERAL_CONVERSION = YES;
				CLANG_WARN_OBJC_ROOT_CLASS = YES_ERROR;
				CLANG_WARN_QUOTED_INCLUDE_IN_FRAMEWORK_HEADER = YES;
				CLANG_WARN_RANGE_LOOP_ANALYSIS = YES;
				CLANG_WARN_STRICT_PROTOTYPES = YES;
				CLANG_WARN_SUSPICIOUS_MOVE = YES;
				CLANG_WARN_UNGUARDED_AVAILABILITY = YES_AGGRESSIVE;
				CLANG_WARN_UNREACHABLE_CODE = YES;
				CLANG_WARN__DUPLICATE_METHOD_MATCH = YES;
				COPY_PHASE_STRIP = NO;
				DEBUG_INFORMATION_FORMAT = "dwarf-with-dsym";
				ENABLE_NS_ASSERTIONS = NO;
				ENABLE_STRICT_OBJC_MSGSEND = YES;
				GCC_C_LANGUAGE_STANDARD = gnu11;
				GCC_NO_COMMON_BLOCKS = YES;
				GCC_WARN_64_TO_32_BIT_CONVERSION = YES;
				GCC_WARN_ABOUT_RETURN_TYPE = YES_ERROR;
				GCC_WARN_UNDECLARED_SELECTOR = YES;
				GCC_WARN_UNINITIALIZED_AUTOS = YES_AGGRESSIVE;
				GCC_WARN_UNUSED_FUNCTION = YES;
				GCC_WARN_UNUSED_VARIABLE = YES;
				IPHONEOS_DEPLOYMENT_TARGET = 14.4;
				MTL_ENABLE_DEBUG_INFO = NO;
				MTL_FAST_MATH = YES;
				SDKROOT = iphoneos;
				SWIFT_COMPILATION_MODE = wholemodule;
				SWIFT_OPTIMIZATION_LEVEL = "-O";
				VALIDATE_PRODUCT = YES;
			};
			name = Release;
		};
		2657FAEE25E0750200637737 /* Debug */ = {
			isa = XCBuildConfiguration;
			baseConfigurationReference = F4E1EA38A933391F115AB16C /* Pods-onecoachfitness.debug.xcconfig */;
			buildSettings = {
				ASSETCATALOG_COMPILER_APPICON_NAME = AppIcon;
				ASSETCATALOG_COMPILER_GLOBAL_ACCENT_COLOR_NAME = AccentColor;
				CODE_SIGN_STYLE = Automatic;
				DEVELOPMENT_ASSET_PATHS = "\"onecoachfitness/Preview Content\"";
				DEVELOPMENT_TEAM = G25FFBVGJ6;
				ENABLE_PREVIEWS = YES;
				INFOPLIST_FILE = onecoachfitness/Info.plist;
				LD_RUNPATH_SEARCH_PATHS = (
					"$(inherited)",
					"@executable_path/Frameworks",
				);
				PRODUCT_BUNDLE_IDENTIFIER = com.saffanahmed.onecoachfitness;
				PRODUCT_NAME = "$(TARGET_NAME)";
				SWIFT_VERSION = 5.0;
				TARGETED_DEVICE_FAMILY = "1,2";
			};
			name = Debug;
		};
		2657FAEF25E0750200637737 /* Release */ = {
			isa = XCBuildConfiguration;
			baseConfigurationReference = B83C9F16E4FFA50DF9F56A8A /* Pods-onecoachfitness.release.xcconfig */;
			buildSettings = {
				ASSETCATALOG_COMPILER_APPICON_NAME = AppIcon;
				ASSETCATALOG_COMPILER_GLOBAL_ACCENT_COLOR_NAME = AccentColor;
				CODE_SIGN_STYLE = Automatic;
				DEVELOPMENT_ASSET_PATHS = "\"onecoachfitness/Preview Content\"";
				DEVELOPMENT_TEAM = G25FFBVGJ6;
				ENABLE_PREVIEWS = YES;
				INFOPLIST_FILE = onecoachfitness/Info.plist;
				LD_RUNPATH_SEARCH_PATHS = (
					"$(inherited)",
					"@executable_path/Frameworks",
				);
				PRODUCT_BUNDLE_IDENTIFIER = com.saffanahmed.onecoachfitness;
				PRODUCT_NAME = "$(TARGET_NAME)";
				SWIFT_VERSION = 5.0;
				TARGETED_DEVICE_FAMILY = "1,2";
			};
			name = Release;
		};
/* End XCBuildConfiguration section */

/* Begin XCConfigurationList section */
		2657FAD425E0750000637737 /* Build configuration list for PBXProject "onecoachfitness" */ = {
			isa = XCConfigurationList;
			buildConfigurations = (
				2657FAEB25E0750200637737 /* Debug */,
				2657FAEC25E0750200637737 /* Release */,
			);
			defaultConfigurationIsVisible = 0;
			defaultConfigurationName = Release;
		};
		2657FAED25E0750200637737 /* Build configuration list for PBXNativeTarget "onecoachfitness" */ = {
			isa = XCConfigurationList;
			buildConfigurations = (
				2657FAEE25E0750200637737 /* Debug */,
				2657FAEF25E0750200637737 /* Release */,
			);
			defaultConfigurationIsVisible = 0;
			defaultConfigurationName = Release;
		};
/* End XCConfigurationList section */
	};
	rootObject = 2657FAD125E0750000637737 /* Project object */;
}
